
Microsoft Visual Studio Solution File, Format Version 12.00
# Visual Studio Version 16
VisualStudioVersion = 16.0.31005.135
MinimumVisualStudioVersion = 10.0.40219.1
Project("{9A19103F-16F7-4668-BE54-9A1E7A4F7556}") = "ConsoleTetris", "ConsoleTetris\ConsoleTetris.csproj", "{F016DCE4-9E90-4ECC-A25C-AB0892856DCF}"
EndProject
Global
	GlobalSection(SolutionConfigurationPlatforms) = preSolution
		Debug|Any CPU = Debug|Any CPU
		Release|Any CPU = Release|Any CPU
	EndGlobalSection
	GlobalSection(ProjectConfigurationPlatforms) = postSolution
		{F016DCE4-9E90-4ECC-A25C-AB0892856DCF}.Debug|Any CPU.ActiveCfg = Debug|Any CPU
		{F016DCE4-9E90-4ECC-A25C-AB0892856DCF}.Debug|Any CPU.Build.0 = Debug|Any CPU
		{F016DCE4-9E90-4ECC-A25C-AB0892856DCF}.Release|Any CPU.ActiveCfg = Release|Any CPU
		{F016DCE4-9E90-4ECC-A25C-AB0892856DCF}.Release|Any CPU.Build.0 = Release|Any CPU
	EndGlobalSection
	GlobalSection(SolutionProperties) = preSolution
		HideSolutionNode = FALSE
	EndGlobalSection
	GlobalSection(ExtensibilityGlobals) = postSolution
		SolutionGuid = {F3D0E1C2-EF37-46BF-93D2-97729FEF5D48}
	EndGlobalSection
EndGlobal
